schema: '2.0'
stages:
  download_kaggle:
    cmd: 'python3 -c "from src.download_kaggle import download_kaggle; download_kaggle(exec_func=True)" '
    deps:
    - path: src/download_kaggle.py
      md5: 707a3a4fb225fcb31febe8ee735f35ac
      size: 617
    params:
      params.yaml:
        download_kaggle:
          dataset: datamunge/sign-language-mnist
    outs:
    - path: dataset
      md5: dce5ff47d2f83a726e773d58bc663eee.dir
      size: 210857086
      nfiles: 7
  DataPreprocessor:
    cmd: "python3 -c \"from src.DataPreprocessor import DataPreprocessor; DataPreprocessor.load(name='DataPreprocessor').run_and_save()\"\
      \ "
    deps:
    - path: dataset
      md5: dce5ff47d2f83a726e773d58bc663eee.dir
      size: 210857086
      nfiles: 7
    - path: src/DataPreprocessor.py
      md5: 2d68eeed3da20f673103b5e45b217607
      size: 1610
    params:
      params.yaml:
        DataPreprocessor:
          dataset: sign_mnist_train
    outs:
    - path: nodes/DataPreprocessor/outs.json
      md5: 91bf7e1e8916a86ada5cccd6cfe0acf1
      size: 233258180
  data_preprocess_test:
    cmd: "python3 -c \"from src.DataPreprocessor import DataPreprocessor; DataPreprocessor.load(name='data_preprocess_test').run_and_save()\"\
      \ "
    deps:
    - path: dataset
      md5: dce5ff47d2f83a726e773d58bc663eee.dir
      size: 210857086
      nfiles: 7
    - path: src/DataPreprocessor.py
      md5: 2d68eeed3da20f673103b5e45b217607
      size: 1610
    params:
      params.yaml:
        data_preprocess_test:
          dataset: sign_mnist_test
    outs:
    - path: nodes/data_preprocess_test/outs.json
      md5: 5eb9c135aeb36ebe84979901c29d648f
      size: 60933812
  MLModel:
    cmd: "python3 -c \"from src.MLModel import MLModel; MLModel.load(name='MLModel').run_and_save()\"\
      \ "
    deps:
    - path: nodes/DataPreprocessor/outs.json
      md5: 91bf7e1e8916a86ada5cccd6cfe0acf1
      size: 233258180
    - path: src/MLModel.py
      md5: a4f8eda039186d216d92b3b43d475d60
      size: 4636
    params:
      params.yaml:
        MLModel:
          dense:
          - 16
          epochs: 10
          filters:
          - 32
    outs:
    - path: nodes/MLModel/metrics_no_cache.json
      md5: 968a3797802e223e17f89a907cb40bf1
      size: 184
    - path: nodes/MLModel/model
      md5: d9b3277b076b65a80a7586cf4ddcd081.dir
      size: 1332403
      nfiles: 4
    - path: nodes/MLModel/training_history.csv
      md5: 7c70625f4ad41621776a66ffc6a2c845
      size: 828
  EvaluateModel:
    cmd: "python3 -c \"from src.EvaluateModel import EvaluateModel; EvaluateModel.load(name='EvaluateModel').run_and_save()\"\
      \ "
    deps:
    - path: nodes/MLModel/metrics_no_cache.json
      md5: 968a3797802e223e17f89a907cb40bf1
      size: 184
    - path: nodes/MLModel/model
      md5: d9b3277b076b65a80a7586cf4ddcd081.dir
      size: 1332403
      nfiles: 4
    - path: nodes/MLModel/training_history.csv
      md5: 7c70625f4ad41621776a66ffc6a2c845
      size: 828
    - path: nodes/data_preprocess_test/outs.json
      md5: 5eb9c135aeb36ebe84979901c29d648f
      size: 60933812
    - path: src/EvaluateModel.py
      md5: 774a7ca3971b444da131ec675a2b55d4
      size: 5370
    outs:
    - path: nodes/EvaluateModel/confusion_matrix.csv
      md5: 10cf9eaa295d47f4292b27e1e32e903b
      size: 73973
    - path: nodes/EvaluateModel/metrics_no_cache.json
      md5: 45a56bd95e4360ee590ff84eef7d5565
      size: 102
